
Microsoft Visual Studio Solution File, Format Version 12.00
# Visual Studio Version 17
VisualStudioVersion = 17.6.33829.357
MinimumVisualStudioVersion = 10.0.40219.1
Project("{FAE04EC0-301F-11D3-BF4B-00C04F79EFBC}") = "Movie", "Movie\Movie.csproj", "{2D795D91-5A6B-4F9E-9B7B-EA0763E6F84A}"
EndProject
Global
	GlobalSection(SolutionConfigurationPlatforms) = preSolution
		Debug|Any CPU = Debug|Any CPU
		Release|Any CPU = Release|Any CPU
	EndGlobalSection
	GlobalSection(ProjectConfigurationPlatforms) = postSolution
		{2D795D91-5A6B-4F9E-9B7B-EA0763E6F84A}.Debug|Any CPU.ActiveCfg = Debug|Any CPU
		{2D795D91-5A6B-4F9E-9B7B-EA0763E6F84A}.Debug|Any CPU.Build.0 = Debug|Any CPU
		{2D795D91-5A6B-4F9E-9B7B-EA0763E6F84A}.Release|Any CPU.ActiveCfg = Release|Any CPU
		{2D795D91-5A6B-4F9E-9B7B-EA0763E6F84A}.Release|Any CPU.Build.0 = Release|Any CPU
	EndGlobalSection
	GlobalSection(SolutionProperties) = preSolution
		HideSolutionNode = FALSE
	EndGlobalSection
	GlobalSection(ExtensibilityGlobals) = postSolution
		SolutionGuid = {1A729253-201F-4404-B628-6363A3A0F560}
	EndGlobalSection
EndGlobal
